// !$*UTF8*$!
{
	archiveVersion = 1;
	classes = {
	};
	objectVersion = 46;
	objects = {

/* Begin PBXBuildFile section */
		898020FC1B66F53C0089A703 /* main.m in Sources */ = {isa = PBXBuildFile; fileRef = 898020FB1B66F53C0089A703 /* main.m */; };
		898020FF1B66F53C0089A703 /* AppDelegate.m in Sources */ = {isa = PBXBuildFile; fileRef = 898020FE1B66F53C0089A703 /* AppDelegate.m */; };
		898021021B66F53C0089A703 /* ViewController.m in Sources */ = {isa = PBXBuildFile; fileRef = 898021011B66F53C0089A703 /* ViewController.m */; };
		898021051B66F53C0089A703 /* Main.storyboard in Resources */ = {isa = PBXBuildFile; fileRef = 898021031B66F53C0089A703 /* Main.storyboard */; };
		898021071B66F53C0089A703 /* Images.xcassets in Resources */ = {isa = PBXBuildFile; fileRef = 898021061B66F53C0089A703 /* Images.xcassets */; };
		8980210A1B66F53C0089A703 /* LaunchScreen.xib in Resources */ = {isa = PBXBuildFile; fileRef = 898021081B66F53C0089A703 /* LaunchScreen.xib */; };
		898021161B66F53C0089A703 /* MyPDProjectTests.m in Sources */ = {isa = PBXBuildFile; fileRef = 898021151B66F53C0089A703 /* MyPDProjectTests.m */; };
		8980212A1B66F5D10089A703 /* libpd-ios.a in Frameworks */ = {isa = PBXBuildFile; fileRef = 898021251B66F5690089A703 /* libpd-ios.a */; };
		8980212D1B66F5D10089A703 /* AudioToolbox.framework in Frameworks */ = {isa = PBXBuildFile; fileRef = 8980212B1B66F5D10089A703 /* AudioToolbox.framework */; };
		8980212E1B66F5D10089A703 /* AVFoundation.framework in Frameworks */ = {isa = PBXBuildFile; fileRef = 8980212C1B66F5D10089A703 /* AVFoundation.framework */; };
		898021301B66F7F60089A703 /* main.pd in Resources */ = {isa = PBXBuildFile; fileRef = 8980212F1B66F7F60089A703 /* main.pd */; };
		898021331B66FA890089A703 /* PDPatch.m in Sources */ = {isa = PBXBuildFile; fileRef = 898021321B66FA890089A703 /* PDPatch.m */; };
		8991389E1B8462AA0028A37C /* testAudio_Stereo.aiff in Resources */ = {isa = PBXBuildFile; fileRef = 8991389D1B8462AA0028A37C /* testAudio_Stereo.aiff */; };
		89A2F7401B71B86700A651C4 /* Mist_form_wip.wav in Resources */ = {isa = PBXBuildFile; fileRef = 89A2F73F1B71B86700A651C4 /* Mist_form_wip.wav */; };
		89CD1EFE1B85C4780087F6BE /* fibo.txt in Resources */ = {isa = PBXBuildFile; fileRef = 89CD1EFD1B85C4780087F6BE /* fibo.txt */; };
		89CD1F001B85C4800087F6BE /* play.txt in Resources */ = {isa = PBXBuildFile; fileRef = 89CD1EFF1B85C4800087F6BE /* play.txt */; };
		D02C7D7E1B8FEC9F0021AEF1 /* filePlay2.pd in Resources */ = {isa = PBXBuildFile; fileRef = D02C7D7D1B8FEC9F0021AEF1 /* filePlay2.pd */; };
		D02C7D831B8FEF250021AEF1 /* wisper.wav in Resources */ = {isa = PBXBuildFile; fileRef = D02C7D821B8FEF250021AEF1 /* wisper.wav */; };
		D04B22A61B8FE67700CC9173 /* memories ep splash.png in Resources */ = {isa = PBXBuildFile; fileRef = D04B22A51B8FE67700CC9173 /* memories ep splash.png */; };
		D0A2D5E41B7B1D5A00238AF1 /* DrawingView.m in Sources */ = {isa = PBXBuildFile; fileRef = D0A2D5E31B7B1D5A00238AF1 /* DrawingView.m */; };
		D0C09AD71B6A40E600E5B054 /* filePlay.pd in Resources */ = {isa = PBXBuildFile; fileRef = D0C09AD61B6A40E600E5B054 /* filePlay.pd */; };
		D0C09ADC1B6A41B200E5B054 /* testAudio_Stereo.wav in Resources */ = {isa = PBXBuildFile; fileRef = D0C09ADB1B6A41B200E5B054 /* testAudio_Stereo.wav */; };
/* End PBXBuildFile section */

/* Begin PBXContainerItemProxy section */
		898021101B66F53C0089A703 /* PBXContainerItemProxy */ = {
			isa = PBXContainerItemProxy;
			containerPortal = 898020EE1B66F53B0089A703 /* Project object */;
			proxyType = 1;
			remoteGlobalIDString = 898020F51B66F53B0089A703;
			remoteInfo = MyPDProject;
		};
		898021241B66F5690089A703 /* PBXContainerItemProxy */ = {
			isa = PBXContainerItemProxy;
			containerPortal = 8980211F1B66F5690089A703 /* libpd.xcodeproj */;
			proxyType = 2;
			remoteGlobalIDString = D2AAC07E0554694100DB518D;
			remoteInfo = "libpd-ios";
		};
		898021261B66F5690089A703 /* PBXContainerItemProxy */ = {
			isa = PBXContainerItemProxy;
			containerPortal = 8980211F1B66F5690089A703 /* libpd.xcodeproj */;
			proxyType = 2;
			remoteGlobalIDString = 119013AB1486450C00086F19;
			remoteInfo = "libpd-osx";
		};
		898021281B66F5990089A703 /* PBXContainerItemProxy */ = {
			isa = PBXContainerItemProxy;
			containerPortal = 8980211F1B66F5690089A703 /* libpd.xcodeproj */;
			proxyType = 1;
			remoteGlobalIDString = D2AAC07D0554694100DB518D;
			remoteInfo = "libpd-ios";
		};
/* End PBXContainerItemProxy section */

/* Begin PBXFileReference section */
		898020F61B66F53C0089A703 /* Memories.app */ = {isa = PBXFileReference; explicitFileType = wrapper.application; includeInIndex = 0; path = Memories.app; sourceTree = BUILT_PRODUCTS_DIR; };
		898020FA1B66F53C0089A703 /* Info.plist */ = {isa = PBXFileReference; lastKnownFileType = text.plist.xml; path = Info.plist; sourceTree = "<group>"; };
		898020FB1B66F53C0089A703 /* main.m */ = {isa = PBXFileReference; lastKnownFileType = sourcecode.c.objc; path = main.m; sourceTree = "<group>"; };
		898020FD1B66F53C0089A703 /* AppDelegate.h */ = {isa = PBXFileReference; lastKnownFileType = sourcecode.c.h; path = AppDelegate.h; sourceTree = "<group>"; };
		898020FE1B66F53C0089A703 /* AppDelegate.m */ = {isa = PBXFileReference; lastKnownFileType = sourcecode.c.objc; path = AppDelegate.m; sourceTree = "<group>"; };
		898021001B66F53C0089A703 /* ViewController.h */ = {isa = PBXFileReference; lastKnownFileType = sourcecode.c.h; path = ViewController.h; sourceTree = "<group>"; };
		898021011B66F53C0089A703 /* ViewController.m */ = {isa = PBXFileReference; lastKnownFileType = sourcecode.c.objc; path = ViewController.m; sourceTree = "<group>"; };
		898021041B66F53C0089A703 /* Base */ = {isa = PBXFileReference; lastKnownFileType = file.storyboard; name = Base; path = Base.lproj/Main.storyboard; sourceTree = "<group>"; };
		898021061B66F53C0089A703 /* Images.xcassets */ = {isa = PBXFileReference; lastKnownFileType = folder.assetcatalog; path = Images.xcassets; sourceTree = "<group>"; };
		898021091B66F53C0089A703 /* Base */ = {isa = PBXFileReference; lastKnownFileType = file.xib; name = Base; path = Base.lproj/LaunchScreen.xib; sourceTree = "<group>"; };
		8980210F1B66F53C0089A703 /* MemoriesTests.xctest */ = {isa = PBXFileReference; explicitFileType = wrapper.cfbundle; includeInIndex = 0; path = MemoriesTests.xctest; sourceTree = BUILT_PRODUCTS_DIR; };
		898021141B66F53C0089A703 /* Info.plist */ = {isa = PBXFileReference; lastKnownFileType = text.plist.xml; path = Info.plist; sourceTree = "<group>"; };
		898021151B66F53C0089A703 /* MyPDProjectTests.m */ = {isa = PBXFileReference; lastKnownFileType = sourcecode.c.objc; path = MyPDProjectTests.m; sourceTree = "<group>"; };
		8980211F1B66F5690089A703 /* libpd.xcodeproj */ = {isa = PBXFileReference; lastKnownFileType = "wrapper.pb-project"; name = libpd.xcodeproj; path = "../pd-for-ios/libpd/libpd.xcodeproj"; sourceTree = "<group>"; };
		8980212B1B66F5D10089A703 /* AudioToolbox.framework */ = {isa = PBXFileReference; lastKnownFileType = wrapper.framework; name = AudioToolbox.framework; path = System/Library/Frameworks/AudioToolbox.framework; sourceTree = SDKROOT; };
		8980212C1B66F5D10089A703 /* AVFoundation.framework */ = {isa = PBXFileReference; lastKnownFileType = wrapper.framework; name = AVFoundation.framework; path = System/Library/Frameworks/AVFoundation.framework; sourceTree = SDKROOT; };
		8980212F1B66F7F60089A703 /* main.pd */ = {isa = PBXFileReference; fileEncoding = 4; lastKnownFileType = text; path = main.pd; sourceTree = "<group>"; };
		898021311B66FA890089A703 /* PDPatch.h */ = {isa = PBXFileReference; fileEncoding = 4; lastKnownFileType = sourcecode.c.h; path = PDPatch.h; sourceTree = "<group>"; };
		898021321B66FA890089A703 /* PDPatch.m */ = {isa = PBXFileReference; fileEncoding = 4; lastKnownFileType = sourcecode.c.objc; path = PDPatch.m; sourceTree = "<group>"; };
		8991389D1B8462AA0028A37C /* testAudio_Stereo.aiff */ = {isa = PBXFileReference; lastKnownFileType = audio.aiff; path = testAudio_Stereo.aiff; sourceTree = "<group>"; };
		89A2F73F1B71B86700A651C4 /* Mist_form_wip.wav */ = {isa = PBXFileReference; lastKnownFileType = audio.wav; path = Mist_form_wip.wav; sourceTree = "<group>"; };
		89CD1EFD1B85C4780087F6BE /* fibo.txt */ = {isa = PBXFileReference; fileEncoding = 4; lastKnownFileType = text; path = fibo.txt; sourceTree = "<group>"; };
		89CD1EFF1B85C4800087F6BE /* play.txt */ = {isa = PBXFileReference; fileEncoding = 4; lastKnownFileType = text; path = play.txt; sourceTree = "<group>"; };
		D02C7D7D1B8FEC9F0021AEF1 /* filePlay2.pd */ = {isa = PBXFileReference; fileEncoding = 4; lastKnownFileType = text; name = filePlay2.pd; path = ../../filePlay2.pd; sourceTree = "<group>"; };
		D02C7D821B8FEF250021AEF1 /* wisper.wav */ = {isa = PBXFileReference; lastKnownFileType = audio.wav; path = wisper.wav; sourceTree = "<group>"; };
		D04B22A51B8FE67700CC9173 /* memories ep splash.png */ = {isa = PBXFileReference; lastKnownFileType = image.png; path = "memories ep splash.png"; sourceTree = "<group>"; };
		D0A2D5E21B7B1D5A00238AF1 /* DrawingView.h */ = {isa = PBXFileReference; fileEncoding = 4; lastKnownFileType = sourcecode.c.h; name = DrawingView.h; path = MyPDProject/DrawingView.h; sourceTree = "<group>"; };
		D0A2D5E31B7B1D5A00238AF1 /* DrawingView.m */ = {isa = PBXFileReference; fileEncoding = 4; lastKnownFileType = sourcecode.c.objc; name = DrawingView.m; path = MyPDProject/DrawingView.m; sourceTree = "<group>"; };
		D0C09AD61B6A40E600E5B054 /* filePlay.pd */ = {isa = PBXFileReference; fileEncoding = 4; lastKnownFileType = text; name = filePlay.pd; path = ../../filePlay.pd; sourceTree = "<group>"; };
		D0C09ADB1B6A41B200E5B054 /* testAudio_Stereo.wav */ = {isa = PBXFileReference; lastKnownFileType = audio.wav; name = testAudio_Stereo.wav; path = ../testAudio_Stereo.wav; sourceTree = "<group>"; };
/* End PBXFileReference section */

/* Begin PBXFrameworksBuildPhase section */
		898020F31B66F53B0089A703 /* Frameworks */ = {
			isa = PBXFrameworksBuildPhase;
			buildActionMask = 2147483647;
			files = (
				8980212D1B66F5D10089A703 /* AudioToolbox.framework in Frameworks */,
				8980212E1B66F5D10089A703 /* AVFoundation.framework in Frameworks */,
				8980212A1B66F5D10089A703 /* libpd-ios.a in Frameworks */,
			);
			runOnlyForDeploymentPostprocessing = 0;
		};
		8980210C1B66F53C0089A703 /* Frameworks */ = {
			isa = PBXFrameworksBuildPhase;
			buildActionMask = 2147483647;
			files = (
			);
			runOnlyForDeploymentPostprocessing = 0;
		};
/* End PBXFrameworksBuildPhase section */

/* Begin PBXGroup section */
		898020ED1B66F53B0089A703 = {
			isa = PBXGroup;
			children = (
				D0A2D5E21B7B1D5A00238AF1 /* DrawingView.h */,
				D0A2D5E31B7B1D5A00238AF1 /* DrawingView.m */,
				D02C7D821B8FEF250021AEF1 /* wisper.wav */,
				89A2F73F1B71B86700A651C4 /* Mist_form_wip.wav */,
				D0C09ADB1B6A41B200E5B054 /* testAudio_Stereo.wav */,
				8991389D1B8462AA0028A37C /* testAudio_Stereo.aiff */,
				8980212B1B66F5D10089A703 /* AudioToolbox.framework */,
				8980212C1B66F5D10089A703 /* AVFoundation.framework */,
				8980211F1B66F5690089A703 /* libpd.xcodeproj */,
				898020F81B66F53C0089A703 /* MyPDProject */,
				898021121B66F53C0089A703 /* MyPDProjectTests */,
				898020F71B66F53C0089A703 /* Products */,
			);
			sourceTree = "<group>";
		};
		898020F71B66F53C0089A703 /* Products */ = {
			isa = PBXGroup;
			children = (
				898020F61B66F53C0089A703 /* Memories.app */,
				8980210F1B66F53C0089A703 /* MemoriesTests.xctest */,
			);
			name = Products;
			sourceTree = "<group>";
		};
		898020F81B66F53C0089A703 /* MyPDProject */ = {
			isa = PBXGroup;
			children = (
				D0C09AD61B6A40E600E5B054 /* filePlay.pd */,
				D02C7D7D1B8FEC9F0021AEF1 /* filePlay2.pd */,
				898020FD1B66F53C0089A703 /* AppDelegate.h */,
				898020FE1B66F53C0089A703 /* AppDelegate.m */,
				898021311B66FA890089A703 /* PDPatch.h */,
				898021321B66FA890089A703 /* PDPatch.m */,
				898021001B66F53C0089A703 /* ViewController.h */,
				898021011B66F53C0089A703 /* ViewController.m */,
				898021031B66F53C0089A703 /* Main.storyboard */,
				898021061B66F53C0089A703 /* Images.xcassets */,
				898021081B66F53C0089A703 /* LaunchScreen.xib */,
				89CD1EFD1B85C4780087F6BE /* fibo.txt */,
				89CD1EFF1B85C4800087F6BE /* play.txt */,
				8980212F1B66F7F60089A703 /* main.pd */,
				898020F91B66F53C0089A703 /* Supporting Files */,
			);
			path = MyPDProject;
			sourceTree = "<group>";
		};
		898020F91B66F53C0089A703 /* Supporting Files */ = {
			isa = PBXGroup;
			children = (
				D04B22A51B8FE67700CC9173 /* memories ep splash.png */,
				898020FA1B66F53C0089A703 /* Info.plist */,
				898020FB1B66F53C0089A703 /* main.m */,
			);
			name = "Supporting Files";
			sourceTree = "<group>";
		};
		898021121B66F53C0089A703 /* MyPDProjectTests */ = {
			isa = PBXGroup;
			children = (
				898021151B66F53C0089A703 /* MyPDProjectTests.m */,
				898021131B66F53C0089A703 /* Supporting Files */,
			);
			path = MyPDProjectTests;
			sourceTree = "<group>";
		};
		898021131B66F53C0089A703 /* Supporting Files */ = {
			isa = PBXGroup;
			children = (
				898021141B66F53C0089A703 /* Info.plist */,
			);
			name = "Supporting Files";
			sourceTree = "<group>";
		};
		898021201B66F5690089A703 /* Products */ = {
			isa = PBXGroup;
			children = (
				898021251B66F5690089A703 /* libpd-ios.a */,
				898021271B66F5690089A703 /* libpd-osx.a */,
			);
			name = Products;
			sourceTree = "<group>";
		};
/* End PBXGroup section */

/* Begin PBXNativeTarget section */
		898020F51B66F53B0089A703 /* Memories */ = {
			isa = PBXNativeTarget;
			buildConfigurationList = 898021191B66F53C0089A703 /* Build configuration list for PBXNativeTarget "Memories" */;
			buildPhases = (
				898020F21B66F53B0089A703 /* Sources */,
				898020F31B66F53B0089A703 /* Frameworks */,
				898020F41B66F53B0089A703 /* Resources */,
			);
			buildRules = (
			);
			dependencies = (
				898021291B66F5990089A703 /* PBXTargetDependency */,
			);
			name = Memories;
			productName = MyPDProject;
			productReference = 898020F61B66F53C0089A703 /* Memories.app */;
			productType = "com.apple.product-type.application";
		};
		8980210E1B66F53C0089A703 /* MemoriesTests */ = {
			isa = PBXNativeTarget;
			buildConfigurationList = 8980211C1B66F53C0089A703 /* Build configuration list for PBXNativeTarget "MemoriesTests" */;
			buildPhases = (
				8980210B1B66F53C0089A703 /* Sources */,
				8980210C1B66F53C0089A703 /* Frameworks */,
				8980210D1B66F53C0089A703 /* Resources */,
			);
			buildRules = (
			);
			dependencies = (
				898021111B66F53C0089A703 /* PBXTargetDependency */,
			);
			name = MemoriesTests;
			productName = MyPDProjectTests;
			productReference = 8980210F1B66F53C0089A703 /* MemoriesTests.xctest */;
			productType = "com.apple.product-type.bundle.unit-test";
		};
/* End PBXNativeTarget section */

/* Begin PBXProject section */
		898020EE1B66F53B0089A703 /* Project object */ = {
			isa = PBXProject;
			attributes = {
				LastUpgradeCheck = 0620;
				ORGANIZATIONNAME = "Kieran Warner-Hunt";
				TargetAttributes = {
					898020F51B66F53B0089A703 = {
						CreatedOnToolsVersion = 6.2;
					};
					8980210E1B66F53C0089A703 = {
						CreatedOnToolsVersion = 6.2;
						TestTargetID = 898020F51B66F53B0089A703;
					};
				};
			};
			buildConfigurationList = 898020F11B66F53B0089A703 /* Build configuration list for PBXProject "Memories" */;
			compatibilityVersion = "Xcode 3.2";
			developmentRegion = English;
			hasScannedForEncodings = 0;
			knownRegions = (
				en,
				Base,
			);
			mainGroup = 898020ED1B66F53B0089A703;
			productRefGroup = 898020F71B66F53C0089A703 /* Products */;
			projectDirPath = "";
			projectReferences = (
				{
					ProductGroup = 898021201B66F5690089A703 /* Products */;
					ProjectRef = 8980211F1B66F5690089A703 /* libpd.xcodeproj */;
				},
			);
			projectRoot = "";
			targets = (
				898020F51B66F53B0089A703 /* Memories */,
				8980210E1B66F53C0089A703 /* MemoriesTests */,
			);
		};
/* End PBXProject section */

/* Begin PBXReferenceProxy section */
		898021251B66F5690089A703 /* libpd-ios.a */ = {
			isa = PBXReferenceProxy;
			fileType = archive.ar;
			path = "libpd-ios.a";
			remoteRef = 898021241B66F5690089A703 /* PBXContainerItemProxy */;
			sourceTree = BUILT_PRODUCTS_DIR;
		};
		898021271B66F5690089A703 /* libpd-osx.a */ = {
			isa = PBXReferenceProxy;
			fileType = archive.ar;
			path = "libpd-osx.a";
			remoteRef = 898021261B66F5690089A703 /* PBXContainerItemProxy */;
			sourceTree = BUILT_PRODUCTS_DIR;
		};
/* End PBXReferenceProxy section */

/* Begin PBXResourcesBuildPhase section */
		898020F41B66F53B0089A703 /* Resources */ = {
			isa = PBXResourcesBuildPhase;
			buildActionMask = 2147483647;
			files = (
				898021051B66F53C0089A703 /* Main.storyboard in Resources */,
				8980210A1B66F53C0089A703 /* LaunchScreen.xib in Resources */,
				D02C7D831B8FEF250021AEF1 /* wisper.wav in Resources */,
				D0C09AD71B6A40E600E5B054 /* filePlay.pd in Resources */,
				D0C09ADC1B6A41B200E5B054 /* testAudio_Stereo.wav in Resources */,
				89CD1F001B85C4800087F6BE /* play.txt in Resources */,
				8991389E1B8462AA0028A37C /* testAudio_Stereo.aiff in Resources */,
				D02C7D7E1B8FEC9F0021AEF1 /* filePlay2.pd in Resources */,
				89A2F7401B71B86700A651C4 /* Mist_form_wip.wav in Resources */,
				898021301B66F7F60089A703 /* main.pd in Resources */,
				89CD1EFE1B85C4780087F6BE /* fibo.txt in Resources */,
				D04B22A61B8FE67700CC9173 /* memories ep splash.png in Resources */,
				898021071B66F53C0089A703 /* Images.xcassets in Resources */,
			);
			runOnlyForDeploymentPostprocessing = 0;
		};
		8980210D1B66F53C0089A703 /* Resources */ = {
			isa = PBXResourcesBuildPhase;
			buildActionMask = 2147483647;
			files = (
			);
			runOnlyForDeploymentPostprocessing = 0;
		};
/* End PBXResourcesBuildPhase section */

/* Begin PBXSourcesBuildPhase section */
		898020F21B66F53B0089A703 /* Sources */ = {
			isa = PBXSourcesBuildPhase;
			buildActionMask = 2147483647;
			files = (
				898021331B66FA890089A703 /* PDPatch.m in Sources */,
				898021021B66F53C0089A703 /* ViewController.m in Sources */,
				898020FF1B66F53C0089A703 /* AppDelegate.m in Sources */,
				D0A2D5E41B7B1D5A00238AF1 /* DrawingView.m in Sources */,
				898020FC1B66F53C0089A703 /* main.m in Sources */,
			);
			runOnlyForDeploymentPostprocessing = 0;
		};
		8980210B1B66F53C0089A703 /* Sources */ = {
			isa = PBXSourcesBuildPhase;
			buildActionMask = 2147483647;
			files = (
				898021161B66F53C0089A703 /* MyPDProjectTests.m in Sources */,
			);
			runOnlyForDeploymentPostprocessing = 0;
		};
/* End PBXSourcesBuildPhase section */

/* Begin PBXTargetDependency section */
		898021111B66F53C0089A703 /* PBXTargetDependency */ = {
			isa = PBXTargetDependency;
			target = 898020F51B66F53B0089A703 /* Memories */;
			targetProxy = 898021101B66F53C0089A703 /* PBXContainerItemProxy */;
		};
		898021291B66F5990089A703 /* PBXTargetDependency */ = {
			isa = PBXTargetDependency;
			name = "libpd-ios";
			targetProxy = 898021281B66F5990089A703 /* PBXContainerItemProxy */;
		};
/* End PBXTargetDependency section */

/* Begin PBXVariantGroup section */
		898021031B66F53C0089A703 /* Main.storyboard */ = {
			isa = PBXVariantGroup;
			children = (
				898021041B66F53C0089A703 /* Base */,
			);
			name = Main.storyboard;
			sourceTree = "<group>";
		};
		898021081B66F53C0089A703 /* LaunchScreen.xib */ = {
			isa = PBXVariantGroup;
			children = (
				898021091B66F53C0089A703 /* Base */,
			);
			name = LaunchScreen.xib;
			sourceTree = "<group>";
		};
/* End PBXVariantGroup section */

/* Begin XCBuildConfiguration section */
		898021171B66F53C0089A703 /* Debug */ = {
			isa = XCBuildConfiguration;
			buildSettings = {
				ALWAYS_SEARCH_USER_PATHS = NO;
				CLANG_CXX_LANGUAGE_STANDARD = "gnu++0x";
				CLANG_CXX_LIBRARY = "libc++";
				CLANG_ENABLE_MODULES = YES;
				CLANG_ENABLE_OBJC_ARC = YES;
				CLANG_WARN_BOOL_CONVERSION = YES;
				CLANG_WARN_CONSTANT_CONVERSION = YES;
				CLANG_WARN_DIRECT_OBJC_ISA_USAGE = YES_ERROR;
				CLANG_WARN_EMPTY_BODY = YES;
				CLANG_WARN_ENUM_CONVERSION = YES;
				CLANG_WARN_INT_CONVERSION = YES;
				CLANG_WARN_OBJC_ROOT_CLASS = YES_ERROR;
				CLANG_WARN_UNREACHABLE_CODE = YES;
				CLANG_WARN__DUPLICATE_METHOD_MATCH = YES;
				"CODE_SIGN_IDENTITY[sdk=iphoneos*]" = "iPhone Developer";
				COPY_PHASE_STRIP = NO;
				ENABLE_STRICT_OBJC_MSGSEND = YES;
				GCC_C_LANGUAGE_STANDARD = gnu99;
				GCC_DYNAMIC_NO_PIC = NO;
				GCC_OPTIMIZATION_LEVEL = 0;
				GCC_PREPROCESSOR_DEFINITIONS = (
					"DEBUG=1",
					"$(inherited)",
				);
				GCC_SYMBOLS_PRIVATE_EXTERN = NO;
				GCC_WARN_64_TO_32_BIT_CONVERSION = YES;
				GCC_WARN_ABOUT_RETURN_TYPE = YES_ERROR;
				GCC_WARN_UNDECLARED_SELECTOR = YES;
				GCC_WARN_UNINITIALIZED_AUTOS = YES_AGGRESSIVE;
				GCC_WARN_UNUSED_FUNCTION = YES;
				GCC_WARN_UNUSED_VARIABLE = YES;
				IPHONEOS_DEPLOYMENT_TARGET = 8.2;
				MTL_ENABLE_DEBUG_INFO = YES;
				ONLY_ACTIVE_ARCH = YES;
				SDKROOT = iphoneos;
			};
			name = Debug;
		};
		898021181B66F53C0089A703 /* Release */ = {
			isa = XCBuildConfiguration;
			buildSettings = {
				ALWAYS_SEARCH_USER_PATHS = NO;
				CLANG_CXX_LANGUAGE_STANDARD = "gnu++0x";
				CLANG_CXX_LIBRARY = "libc++";
				CLANG_ENABLE_MODULES = YES;
				CLANG_ENABLE_OBJC_ARC = YES;
				CLANG_WARN_BOOL_CONVERSION = YES;
				CLANG_WARN_CONSTANT_CONVERSION = YES;
				CLANG_WARN_DIRECT_OBJC_ISA_USAGE = YES_ERROR;
				CLANG_WARN_EMPTY_BODY = YES;
				CLANG_WARN_ENUM_CONVERSION = YES;
				CLANG_WARN_INT_CONVERSION = YES;
				CLANG_WARN_OBJC_ROOT_CLASS = YES_ERROR;
				CLANG_WARN_UNREACHABLE_CODE = YES;
				CLANG_WARN__DUPLICATE_METHOD_MATCH = YES;
				"CODE_SIGN_IDENTITY[sdk=iphoneos*]" = "iPhone Developer";
				COPY_PHASE_STRIP = NO;
				ENABLE_NS_ASSERTIONS = NO;
				ENABLE_STRICT_OBJC_MSGSEND = YES;
				GCC_C_LANGUAGE_STANDARD = gnu99;
				GCC_WARN_64_TO_32_BIT_CONVERSION = YES;
				GCC_WARN_ABOUT_RETURN_TYPE = YES_ERROR;
				GCC_WARN_UNDECLARED_SELECTOR = YES;
				GCC_WARN_UNINITIALIZED_AUTOS = YES_AGGRESSIVE;
				GCC_WARN_UNUSED_FUNCTION = YES;
				GCC_WARN_UNUSED_VARIABLE = YES;
				IPHONEOS_DEPLOYMENT_TARGET = 8.2;
				MTL_ENABLE_DEBUG_INFO = NO;
				SDKROOT = iphoneos;
				VALIDATE_PRODUCT = YES;
			};
			name = Release;
		};
		8980211A1B66F53C0089A703 /* Debug */ = {
			isa = XCBuildConfiguration;
			buildSettings = {
				ASSETCATALOG_COMPILER_APPICON_NAME = AppIcon;
				INFOPLIST_FILE = MyPDProject/Info.plist;
				LD_RUNPATH_SEARCH_PATHS = "$(inherited) @executable_path/Frameworks";
				PRODUCT_NAME = Memories;
				USER_HEADER_SEARCH_PATHS = "../pd-for-ios/**";
			};
			name = Debug;
		};
		8980211B1B66F53C0089A703 /* Release */ = {
			isa = XCBuildConfiguration;
			buildSettings = {
				ASSETCATALOG_COMPILER_APPICON_NAME = AppIcon;
				INFOPLIST_FILE = MyPDProject/Info.plist;
				LD_RUNPATH_SEARCH_PATHS = "$(inherited) @executable_path/Frameworks";
				PRODUCT_NAME = Memories;
				USER_HEADER_SEARCH_PATHS = "../pd-for-ios/**";
			};
			name = Release;
		};
		8980211D1B66F53C0089A703 /* Debug */ = {
			isa = XCBuildConfiguration;
			buildSettings = {
				BUNDLE_LOADER = "$(TEST_HOST)";
				FRAMEWORK_SEARCH_PATHS = (
					"$(SDKROOT)/Developer/Library/Frameworks",
					"$(inherited)",
				);
				GCC_PREPROCESSOR_DEFINITIONS = (
					"DEBUG=1",
					"$(inherited)",
				);
				INFOPLIST_FILE = MyPDProjectTests/Info.plist;
				LD_RUNPATH_SEARCH_PATHS = "$(inherited) @executable_path/Frameworks @loader_path/Frameworks";
				PRODUCT_NAME = MemoriesTests;
				TEST_HOST = "$(BUILT_PRODUCTS_DIR)/MyPDProject.app/MyPDProject";
			};
			name = Debug;
		};
		8980211E1B66F53C0089A703 /* Release */ = {
			isa = XCBuildConfiguration;
			buildSettings = {
				BUNDLE_LOADER = "$(TEST_HOST)";
				FRAMEWORK_SEARCH_PATHS = (
					"$(SDKROOT)/Developer/Library/Frameworks",
					"$(inherited)",
				);
				INFOPLIST_FILE = MyPDProjectTests/Info.plist;
				LD_RUNPATH_SEARCH_PATHS = "$(inherited) @executable_path/Frameworks @loader_path/Frameworks";
				PRODUCT_NAME = MemoriesTests;
				TEST_HOST = "$(BUILT_PRODUCTS_DIR)/MyPDProject.app/MyPDProject";
			};
			name = Release;
		};
/* End XCBuildConfiguration section */

/* Begin XCConfigurationList section */
		898020F11B66F53B0089A703 /* Build configuration list for PBXProject "Memories" */ = {
			isa = XCConfigurationList;
			buildConfigurations = (
				898021171B66F53C0089A703 /* Debug */,
				898021181B66F53C0089A703 /* Release */,
			);
			defaultConfigurationIsVisible = 0;
			defaultConfigurationName = Release;
		};
		898021191B66F53C0089A703 /* Build configuration list for PBXNativeTarget "Memories" */ = {
			isa = XCConfigurationList;
			buildConfigurations = (
				8980211A1B66F53C0089A703 /* Debug */,
				8980211B1B66F53C0089A703 /* Release */,
			);
			defaultConfigurationIsVisible = 0;
			defaultConfigurationName = Release;
		};
		8980211C1B66F53C0089A703 /* Build configuration list for PBXNativeTarget "MemoriesTests" */ = {
			isa = XCConfigurationList;
			buildConfigurations = (
				8980211D1B66F53C0089A703 /* Debug */,
				8980211E1B66F53C0089A703 /* Release */,
			);
			defaultConfigurationIsVisible = 0;
			defaultConfigurationName = Release;
		};
/* End XCConfigurationList section */
	};
	rootObject = 898020EE1B66F53B0089A703 /* Project object */;
}
